
Microsoft Visual Studio Solution File, Format Version 12.00
# Visual Studio 2013
VisualStudioVersion = 12.0.31101.0
MinimumVisualStudioVersion = 10.0.40219.1
Project("{FAE04EC0-301F-11D3-BF4B-00C04F79EFBC}") = "F2F.Testing.Sandbox", "F2F.Testing.Sandbox\F2F.Testing.Sandbox.csproj", "{F9EE817E-CA65-4006-A898-4CC2E0AEA961}"
EndProject
Project("{FAE04EC0-301F-11D3-BF4B-00C04F79EFBC}") = "F2F.Testing.Xunit", "F2F.Testing.Xunit\F2F.Testing.Xunit.csproj", "{93BB1BB1-2AD7-416A-B0BD-8B895846CF9F}"
EndProject
Project("{FAE04EC0-301F-11D3-BF4B-00C04F79EFBC}") = "F2F.Testing.NUnit", "F2F.Testing.NUnit\F2F.Testing.NUnit.csproj", "{506A9D3A-D043-40C0-B531-8DC3FD02EE7B}"
EndProject
Project("{FAE04EC0-301F-11D3-BF4B-00C04F79EFBC}") = "F2F.Testing.NUnit.IntegrationTests", "F2F.Testing.NUnit.IntegrationTests\F2F.Testing.NUnit.IntegrationTests.csproj", "{29FDD83F-3ECC-4766-9B81-FBA8EE4E1BA8}"
EndProject
Project("{FAE04EC0-301F-11D3-BF4B-00C04F79EFBC}") = "F2F.Testing.Xunit.IntegrationTests", "F2F.Testing.Xunit.IntegrationTests\F2F.Testing.Xunit.IntegrationTests.csproj", "{EA40F9F0-63BE-4D38-930B-71EDE6AF2AAE}"
EndProject
Project("{FAE04EC0-301F-11D3-BF4B-00C04F79EFBC}") = "F2F.Testing.Xunit.FakeItEasy", "F2F.Testing.Xunit.FakeItEasy\F2F.Testing.Xunit.FakeItEasy.csproj", "{DAA15B28-3AC2-464A-BA4F-96A54BEE9936}"
EndProject
Project("{FAE04EC0-301F-11D3-BF4B-00C04F79EFBC}") = "F2F.Testing.NUnit.FakeItEasy", "F2F.Testing.NUnit.FakeItEasy\F2F.Testing.NUnit.FakeItEasy.csproj", "{0EC3C635-FC5F-4939-B5FD-CA570F761DCE}"
EndProject
Project("{FAE04EC0-301F-11D3-BF4B-00C04F79EFBC}") = "F2F.Testing.MSTest", "F2F.Testing.MSTest\F2F.Testing.MSTest.csproj", "{0E23A599-D46A-4F8C-AAC9-8E7A897DBB60}"
EndProject
Project("{2150E333-8FDC-42A3-9474-1A3956D46DE8}") = "Xunit", "Xunit", "{82C368FE-301C-4290-8C1A-16D8AEDA327E}"
EndProject
Project("{2150E333-8FDC-42A3-9474-1A3956D46DE8}") = "NUnit", "NUnit", "{F77106DC-43F0-4796-B132-4E864DABF8E2}"
EndProject
Project("{2150E333-8FDC-42A3-9474-1A3956D46DE8}") = "MSTest", "MSTest", "{9BDED35B-DFF8-44EA-B302-F40D570B5C46}"
EndProject
Project("{FAE04EC0-301F-11D3-BF4B-00C04F79EFBC}") = "F2F.Testing.AppDomainIsolation", "F2F.Testing.AppDomainIsolation\F2F.Testing.AppDomainIsolation.csproj", "{150E5169-F9D6-4C21-8BE9-2CB79EC9C3CB}"
EndProject
Project("{FAE04EC0-301F-11D3-BF4B-00C04F79EFBC}") = "F2F.Testing.MSTest.Moq", "F2F.Testing.MSTest.Moq\F2F.Testing.MSTest.Moq.csproj", "{043EE6DC-3269-40A5-AD29-0E384F22E5C5}"
EndProject
Project("{FAE04EC0-301F-11D3-BF4B-00C04F79EFBC}") = "F2F.Testing.MSTest.Sandbox", "F2F.Testing.MSTest.Sandbox\F2F.Testing.MSTest.Sandbox.csproj", "{47D69D3C-96A8-40B2-ADAA-20A1FA313141}"
EndProject
Project("{FAE04EC0-301F-11D3-BF4B-00C04F79EFBC}") = "F2F.Testing.NUnit.Sandbox", "F2F.Testing.NUnit.Sandbox\F2F.Testing.NUnit.Sandbox.csproj", "{CDB3BB5E-4DB9-43FB-A473-7791224F9444}"
EndProject
Project("{FAE04EC0-301F-11D3-BF4B-00C04F79EFBC}") = "F2F.Testing.Xunit.Sandbox", "F2F.Testing.Xunit.Sandbox\F2F.Testing.Xunit.Sandbox.csproj", "{BE630B89-B6E3-4412-9387-E11D9BA7BFCC}"
EndProject
Project("{FAE04EC0-301F-11D3-BF4B-00C04F79EFBC}") = "F2F.Testing.MSTest.IntegrationTests", "F2F.Testing.MSTest.IntegrationTests\F2F.Testing.MSTest.IntegrationTests.csproj", "{DC6AC5F0-E1CC-4233-ADC3-CF1AE52ABF55}"
EndProject
Project("{FAE04EC0-301F-11D3-BF4B-00C04F79EFBC}") = "F2F.Testing.Xunit.EF", "F2F.Testing.Xunit.EF\F2F.Testing.Xunit.EF.csproj", "{90601481-F62B-406A-94FD-5C3903880E34}"
EndProject
Project("{FAE04EC0-301F-11D3-BF4B-00C04F79EFBC}") = "F2F.Testing.NUnit.EF", "F2F.Testing.NUnit.EF\F2F.Testing.NUnit.EF.csproj", "{28EC9CC1-5534-4E5E-8AF8-A4631BBC8E71}"
EndProject
Project("{FAE04EC0-301F-11D3-BF4B-00C04F79EFBC}") = "F2F.Testing.MSTest.EF", "F2F.Testing.MSTest.EF\F2F.Testing.MSTest.EF.csproj", "{E45472AD-A608-4ADF-B347-9DB0A3923E56}"
EndProject
Global
	GlobalSection(SubversionScc) = preSolution
		Svn-Managed = True
		Manager = AnkhSVN - Subversion Support for Visual Studio
	EndGlobalSection
	GlobalSection(SolutionConfigurationPlatforms) = preSolution
		Debug|Any CPU = Debug|Any CPU
		Release|Any CPU = Release|Any CPU
	EndGlobalSection
	GlobalSection(ProjectConfigurationPlatforms) = postSolution
		{F9EE817E-CA65-4006-A898-4CC2E0AEA961}.Debug|Any CPU.ActiveCfg = Debug|Any CPU
		{F9EE817E-CA65-4006-A898-4CC2E0AEA961}.Debug|Any CPU.Build.0 = Debug|Any CPU
		{F9EE817E-CA65-4006-A898-4CC2E0AEA961}.Release|Any CPU.ActiveCfg = Release|Any CPU
		{F9EE817E-CA65-4006-A898-4CC2E0AEA961}.Release|Any CPU.Build.0 = Release|Any CPU
		{93BB1BB1-2AD7-416A-B0BD-8B895846CF9F}.Debug|Any CPU.ActiveCfg = Debug|Any CPU
		{93BB1BB1-2AD7-416A-B0BD-8B895846CF9F}.Debug|Any CPU.Build.0 = Debug|Any CPU
		{93BB1BB1-2AD7-416A-B0BD-8B895846CF9F}.Release|Any CPU.ActiveCfg = Release|Any CPU
		{93BB1BB1-2AD7-416A-B0BD-8B895846CF9F}.Release|Any CPU.Build.0 = Release|Any CPU
		{506A9D3A-D043-40C0-B531-8DC3FD02EE7B}.Debug|Any CPU.ActiveCfg = Debug|Any CPU
		{506A9D3A-D043-40C0-B531-8DC3FD02EE7B}.Debug|Any CPU.Build.0 = Debug|Any CPU
		{506A9D3A-D043-40C0-B531-8DC3FD02EE7B}.Release|Any CPU.ActiveCfg = Release|Any CPU
		{506A9D3A-D043-40C0-B531-8DC3FD02EE7B}.Release|Any CPU.Build.0 = Release|Any CPU
		{29FDD83F-3ECC-4766-9B81-FBA8EE4E1BA8}.Debug|Any CPU.ActiveCfg = Debug|Any CPU
		{29FDD83F-3ECC-4766-9B81-FBA8EE4E1BA8}.Debug|Any CPU.Build.0 = Debug|Any CPU
		{29FDD83F-3ECC-4766-9B81-FBA8EE4E1BA8}.Release|Any CPU.ActiveCfg = Release|Any CPU
		{29FDD83F-3ECC-4766-9B81-FBA8EE4E1BA8}.Release|Any CPU.Build.0 = Release|Any CPU
		{EA40F9F0-63BE-4D38-930B-71EDE6AF2AAE}.Debug|Any CPU.ActiveCfg = Debug|Any CPU
		{EA40F9F0-63BE-4D38-930B-71EDE6AF2AAE}.Debug|Any CPU.Build.0 = Debug|Any CPU
		{EA40F9F0-63BE-4D38-930B-71EDE6AF2AAE}.Release|Any CPU.ActiveCfg = Release|Any CPU
		{EA40F9F0-63BE-4D38-930B-71EDE6AF2AAE}.Release|Any CPU.Build.0 = Release|Any CPU
		{DAA15B28-3AC2-464A-BA4F-96A54BEE9936}.Debug|Any CPU.ActiveCfg = Debug|Any CPU
		{DAA15B28-3AC2-464A-BA4F-96A54BEE9936}.Debug|Any CPU.Build.0 = Debug|Any CPU
		{DAA15B28-3AC2-464A-BA4F-96A54BEE9936}.Release|Any CPU.ActiveCfg = Release|Any CPU
		{DAA15B28-3AC2-464A-BA4F-96A54BEE9936}.Release|Any CPU.Build.0 = Release|Any CPU
		{0EC3C635-FC5F-4939-B5FD-CA570F761DCE}.Debug|Any CPU.ActiveCfg = Debug|Any CPU
		{0EC3C635-FC5F-4939-B5FD-CA570F761DCE}.Debug|Any CPU.Build.0 = Debug|Any CPU
		{0EC3C635-FC5F-4939-B5FD-CA570F761DCE}.Release|Any CPU.ActiveCfg = Release|Any CPU
		{0EC3C635-FC5F-4939-B5FD-CA570F761DCE}.Release|Any CPU.Build.0 = Release|Any CPU
		{0E23A599-D46A-4F8C-AAC9-8E7A897DBB60}.Debug|Any CPU.ActiveCfg = Debug|Any CPU
		{0E23A599-D46A-4F8C-AAC9-8E7A897DBB60}.Debug|Any CPU.Build.0 = Debug|Any CPU
		{0E23A599-D46A-4F8C-AAC9-8E7A897DBB60}.Release|Any CPU.ActiveCfg = Release|Any CPU
		{0E23A599-D46A-4F8C-AAC9-8E7A897DBB60}.Release|Any CPU.Build.0 = Release|Any CPU
		{150E5169-F9D6-4C21-8BE9-2CB79EC9C3CB}.Debug|Any CPU.ActiveCfg = Debug|Any CPU
		{150E5169-F9D6-4C21-8BE9-2CB79EC9C3CB}.Debug|Any CPU.Build.0 = Debug|Any CPU
		{150E5169-F9D6-4C21-8BE9-2CB79EC9C3CB}.Release|Any CPU.ActiveCfg = Release|Any CPU
		{150E5169-F9D6-4C21-8BE9-2CB79EC9C3CB}.Release|Any CPU.Build.0 = Release|Any CPU
		{043EE6DC-3269-40A5-AD29-0E384F22E5C5}.Debug|Any CPU.ActiveCfg = Debug|Any CPU
		{043EE6DC-3269-40A5-AD29-0E384F22E5C5}.Debug|Any CPU.Build.0 = Debug|Any CPU
		{043EE6DC-3269-40A5-AD29-0E384F22E5C5}.Release|Any CPU.ActiveCfg = Release|Any CPU
		{043EE6DC-3269-40A5-AD29-0E384F22E5C5}.Release|Any CPU.Build.0 = Release|Any CPU
		{47D69D3C-96A8-40B2-ADAA-20A1FA313141}.Debug|Any CPU.ActiveCfg = Debug|Any CPU
		{47D69D3C-96A8-40B2-ADAA-20A1FA313141}.Debug|Any CPU.Build.0 = Debug|Any CPU
		{47D69D3C-96A8-40B2-ADAA-20A1FA313141}.Release|Any CPU.ActiveCfg = Release|Any CPU
		{47D69D3C-96A8-40B2-ADAA-20A1FA313141}.Release|Any CPU.Build.0 = Release|Any CPU
		{CDB3BB5E-4DB9-43FB-A473-7791224F9444}.Debug|Any CPU.ActiveCfg = Debug|Any CPU
		{CDB3BB5E-4DB9-43FB-A473-7791224F9444}.Debug|Any CPU.Build.0 = Debug|Any CPU
		{CDB3BB5E-4DB9-43FB-A473-7791224F9444}.Release|Any CPU.ActiveCfg = Release|Any CPU
		{CDB3BB5E-4DB9-43FB-A473-7791224F9444}.Release|Any CPU.Build.0 = Release|Any CPU
		{BE630B89-B6E3-4412-9387-E11D9BA7BFCC}.Debug|Any CPU.ActiveCfg = Debug|Any CPU
		{BE630B89-B6E3-4412-9387-E11D9BA7BFCC}.Debug|Any CPU.Build.0 = Debug|Any CPU
		{BE630B89-B6E3-4412-9387-E11D9BA7BFCC}.Release|Any CPU.ActiveCfg = Release|Any CPU
		{BE630B89-B6E3-4412-9387-E11D9BA7BFCC}.Release|Any CPU.Build.0 = Release|Any CPU
		{DC6AC5F0-E1CC-4233-ADC3-CF1AE52ABF55}.Debug|Any CPU.ActiveCfg = Debug|Any CPU
		{DC6AC5F0-E1CC-4233-ADC3-CF1AE52ABF55}.Debug|Any CPU.Build.0 = Debug|Any CPU
		{DC6AC5F0-E1CC-4233-ADC3-CF1AE52ABF55}.Release|Any CPU.ActiveCfg = Release|Any CPU
		{DC6AC5F0-E1CC-4233-ADC3-CF1AE52ABF55}.Release|Any CPU.Build.0 = Release|Any CPU
		{90601481-F62B-406A-94FD-5C3903880E34}.Debug|Any CPU.ActiveCfg = Debug|Any CPU
		{90601481-F62B-406A-94FD-5C3903880E34}.Debug|Any CPU.Build.0 = Debug|Any CPU
		{90601481-F62B-406A-94FD-5C3903880E34}.Release|Any CPU.ActiveCfg = Release|Any CPU
		{90601481-F62B-406A-94FD-5C3903880E34}.Release|Any CPU.Build.0 = Release|Any CPU
		{28EC9CC1-5534-4E5E-8AF8-A4631BBC8E71}.Debug|Any CPU.ActiveCfg = Debug|Any CPU
		{28EC9CC1-5534-4E5E-8AF8-A4631BBC8E71}.Debug|Any CPU.Build.0 = Debug|Any CPU
		{28EC9CC1-5534-4E5E-8AF8-A4631BBC8E71}.Release|Any CPU.ActiveCfg = Release|Any CPU
		{28EC9CC1-5534-4E5E-8AF8-A4631BBC8E71}.Release|Any CPU.Build.0 = Release|Any CPU
		{E45472AD-A608-4ADF-B347-9DB0A3923E56}.Debug|Any CPU.ActiveCfg = Debug|Any CPU
		{E45472AD-A608-4ADF-B347-9DB0A3923E56}.Debug|Any CPU.Build.0 = Debug|Any CPU
		{E45472AD-A608-4ADF-B347-9DB0A3923E56}.Release|Any CPU.ActiveCfg = Release|Any CPU
		{E45472AD-A608-4ADF-B347-9DB0A3923E56}.Release|Any CPU.Build.0 = Release|Any CPU
	EndGlobalSection
	GlobalSection(SolutionProperties) = preSolution
		HideSolutionNode = FALSE
	EndGlobalSection
	GlobalSection(NestedProjects) = preSolution
		{93BB1BB1-2AD7-416A-B0BD-8B895846CF9F} = {82C368FE-301C-4290-8C1A-16D8AEDA327E}
		{506A9D3A-D043-40C0-B531-8DC3FD02EE7B} = {F77106DC-43F0-4796-B132-4E864DABF8E2}
		{29FDD83F-3ECC-4766-9B81-FBA8EE4E1BA8} = {F77106DC-43F0-4796-B132-4E864DABF8E2}
		{EA40F9F0-63BE-4D38-930B-71EDE6AF2AAE} = {82C368FE-301C-4290-8C1A-16D8AEDA327E}
		{DAA15B28-3AC2-464A-BA4F-96A54BEE9936} = {82C368FE-301C-4290-8C1A-16D8AEDA327E}
		{0EC3C635-FC5F-4939-B5FD-CA570F761DCE} = {F77106DC-43F0-4796-B132-4E864DABF8E2}
		{0E23A599-D46A-4F8C-AAC9-8E7A897DBB60} = {9BDED35B-DFF8-44EA-B302-F40D570B5C46}
		{043EE6DC-3269-40A5-AD29-0E384F22E5C5} = {9BDED35B-DFF8-44EA-B302-F40D570B5C46}
		{47D69D3C-96A8-40B2-ADAA-20A1FA313141} = {9BDED35B-DFF8-44EA-B302-F40D570B5C46}
		{CDB3BB5E-4DB9-43FB-A473-7791224F9444} = {F77106DC-43F0-4796-B132-4E864DABF8E2}
		{BE630B89-B6E3-4412-9387-E11D9BA7BFCC} = {82C368FE-301C-4290-8C1A-16D8AEDA327E}
		{DC6AC5F0-E1CC-4233-ADC3-CF1AE52ABF55} = {9BDED35B-DFF8-44EA-B302-F40D570B5C46}
		{90601481-F62B-406A-94FD-5C3903880E34} = {82C368FE-301C-4290-8C1A-16D8AEDA327E}
		{28EC9CC1-5534-4E5E-8AF8-A4631BBC8E71} = {F77106DC-43F0-4796-B132-4E864DABF8E2}
		{E45472AD-A608-4ADF-B347-9DB0A3923E56} = {9BDED35B-DFF8-44EA-B302-F40D570B5C46}
	EndGlobalSection
EndGlobal
